
Microsoft Visual Studio Solution File, Format Version 12.00
# Visual Studio Version 17
VisualStudioVersion = 17.8.34330.188
MinimumVisualStudioVersion = 10.0.40219.1
Project("{2150E333-8FDC-42A3-9474-1A3956D46DE8}") = "src", "src", "{0C9AF79A-77A8-48C9-BB6C-49E09BF5712E}"
EndProject
Project("{2150E333-8FDC-42A3-9474-1A3956D46DE8}") = "Services", "Services", "{63A66C7B-A9D5-4C07-9B32-64397B98A02C}"
EndProject
Project("{2150E333-8FDC-42A3-9474-1A3956D46DE8}") = "Catalog", "Catalog", "{56343BDB-30DB-4C38-9703-24B35DBAA143}"
EndProject
Project("{9A19103F-16F7-4668-BE54-9A1E7A4F7556}") = "Catalog.API", "src\Services\Catalog\Catalog.API\Catalog.API.csproj", "{46E1DEDA-7F32-4AC9-BB81-FE8959FA19D8}"
EndProject
Project("{E53339B2-1760-4266-BCC7-CA923CBCF16C}") = "docker-compose", "docker-compose.dcproj", "{04BD8BB8-7EC1-466A-9F41-40B0CB2904E8}"
EndProject
Project("{2150E333-8FDC-42A3-9474-1A3956D46DE8}") = "Basket", "Basket", "{1F6C9A23-9D8D-4BF8-AA6D-D31F20A6DB05}"
EndProject
Project("{9A19103F-16F7-4668-BE54-9A1E7A4F7556}") = "BasketAPI", "src\Services\Basket\BasketAPI\BasketAPI.csproj", "{5FAA3EAC-38E5-4D42-A569-5914E37A968F}"
EndProject
Project("{2150E333-8FDC-42A3-9474-1A3956D46DE8}") = "Discount", "Discount", "{E1DB22B0-5B08-4C4A-A54A-88C93FAEC21E}"
EndProject
Project("{FAE04EC0-301F-11D3-BF4B-00C04F79EFBC}") = "DiscountAPI", "src\Services\Discount\DiscountAPI\DiscountAPI.csproj", "{467A969F-EBFE-4636-92F5-1696C7E57D00}"
EndProject
Global
	GlobalSection(SolutionConfigurationPlatforms) = preSolution
		Debug|Any CPU = Debug|Any CPU
		Release|Any CPU = Release|Any CPU
	EndGlobalSection
	GlobalSection(ProjectConfigurationPlatforms) = postSolution
		{46E1DEDA-7F32-4AC9-BB81-FE8959FA19D8}.Debug|Any CPU.ActiveCfg = Debug|Any CPU
		{46E1DEDA-7F32-4AC9-BB81-FE8959FA19D8}.Debug|Any CPU.Build.0 = Debug|Any CPU
		{46E1DEDA-7F32-4AC9-BB81-FE8959FA19D8}.Release|Any CPU.ActiveCfg = Release|Any CPU
		{46E1DEDA-7F32-4AC9-BB81-FE8959FA19D8}.Release|Any CPU.Build.0 = Release|Any CPU
		{04BD8BB8-7EC1-466A-9F41-40B0CB2904E8}.Debug|Any CPU.ActiveCfg = Debug|Any CPU
		{04BD8BB8-7EC1-466A-9F41-40B0CB2904E8}.Debug|Any CPU.Build.0 = Debug|Any CPU
		{04BD8BB8-7EC1-466A-9F41-40B0CB2904E8}.Release|Any CPU.ActiveCfg = Release|Any CPU
		{04BD8BB8-7EC1-466A-9F41-40B0CB2904E8}.Release|Any CPU.Build.0 = Release|Any CPU
		{5FAA3EAC-38E5-4D42-A569-5914E37A968F}.Debug|Any CPU.ActiveCfg = Debug|Any CPU
		{5FAA3EAC-38E5-4D42-A569-5914E37A968F}.Debug|Any CPU.Build.0 = Debug|Any CPU
		{5FAA3EAC-38E5-4D42-A569-5914E37A968F}.Release|Any CPU.ActiveCfg = Release|Any CPU
		{5FAA3EAC-38E5-4D42-A569-5914E37A968F}.Release|Any CPU.Build.0 = Release|Any CPU
		{467A969F-EBFE-4636-92F5-1696C7E57D00}.Debug|Any CPU.ActiveCfg = Debug|Any CPU
		{467A969F-EBFE-4636-92F5-1696C7E57D00}.Debug|Any CPU.Build.0 = Debug|Any CPU
		{467A969F-EBFE-4636-92F5-1696C7E57D00}.Release|Any CPU.ActiveCfg = Release|Any CPU
		{467A969F-EBFE-4636-92F5-1696C7E57D00}.Release|Any CPU.Build.0 = Release|Any CPU
	EndGlobalSection
	GlobalSection(SolutionProperties) = preSolution
		HideSolutionNode = FALSE
	EndGlobalSection
	GlobalSection(NestedProjects) = preSolution
		{63A66C7B-A9D5-4C07-9B32-64397B98A02C} = {0C9AF79A-77A8-48C9-BB6C-49E09BF5712E}
		{56343BDB-30DB-4C38-9703-24B35DBAA143} = {63A66C7B-A9D5-4C07-9B32-64397B98A02C}
		{46E1DEDA-7F32-4AC9-BB81-FE8959FA19D8} = {56343BDB-30DB-4C38-9703-24B35DBAA143}
		{1F6C9A23-9D8D-4BF8-AA6D-D31F20A6DB05} = {63A66C7B-A9D5-4C07-9B32-64397B98A02C}
		{5FAA3EAC-38E5-4D42-A569-5914E37A968F} = {1F6C9A23-9D8D-4BF8-AA6D-D31F20A6DB05}
		{E1DB22B0-5B08-4C4A-A54A-88C93FAEC21E} = {63A66C7B-A9D5-4C07-9B32-64397B98A02C}
		{467A969F-EBFE-4636-92F5-1696C7E57D00} = {E1DB22B0-5B08-4C4A-A54A-88C93FAEC21E}
	EndGlobalSection
	GlobalSection(ExtensibilityGlobals) = postSolution
		SolutionGuid = {5835C9EE-DE81-4888-B6BD-A279B343AE81}
	EndGlobalSection
EndGlobal
